
Microsoft Visual Studio Solution File, Format Version 12.00
# Visual Studio Version 17
VisualStudioVersion = 17.14.36301.6
MinimumVisualStudioVersion = 10.0.40219.1
Project("{8BC9CEB8-8B4A-11D0-8D11-00A0C91BC942}") = "FreEngine", "FreEngine\FreEngine.vcxproj", "{7F22799B-49C6-46A6-997C-7E406EBDE312}"
EndProject
Project("{8BC9CEB8-8B4A-11D0-8D11-00A0C91BC942}") = "SandBox", "SandBox\SandBox.vcxproj", "{ECD8F7A3-59E0-41C3-B250-60F792752008}"
EndProject
Global
	GlobalSection(SolutionConfigurationPlatforms) = preSolution
		Debug|x64 = Debug|x64
		Release|x64 = Release|x64
	EndGlobalSection
	GlobalSection(ProjectConfigurationPlatforms) = postSolution
		{7F22799B-49C6-46A6-997C-7E406EBDE312}.Debug|x64.ActiveCfg = Debug|x64
		{7F22799B-49C6-46A6-997C-7E406EBDE312}.Debug|x64.Build.0 = Debug|x64
		{7F22799B-49C6-46A6-997C-7E406EBDE312}.Release|x64.ActiveCfg = Release|x64
		{7F22799B-49C6-46A6-997C-7E406EBDE312}.Release|x64.Build.0 = Release|x64
		{ECD8F7A3-59E0-41C3-B250-60F792752008}.Debug|x64.ActiveCfg = Debug|x64
		{ECD8F7A3-59E0-41C3-B250-60F792752008}.Debug|x64.Build.0 = Debug|x64
		{ECD8F7A3-59E0-41C3-B250-60F792752008}.Release|x64.ActiveCfg = Release|x64
		{ECD8F7A3-59E0-41C3-B250-60F792752008}.Release|x64.Build.0 = Release|x64
	EndGlobalSection
	GlobalSection(SolutionProperties) = preSolution
		HideSolutionNode = FALSE
	EndGlobalSection
	GlobalSection(ExtensibilityGlobals) = postSolution
		SolutionGuid = {907C3C0C-7F25-4D23-9970-EF863C7639ED}
	EndGlobalSection
EndGlobal
